{
  "requires": true,
  "lockfileVersion": 1,
  "dependencies": {
    "oghenemarho-palindrome": {
      "version": "0.1.1",
      "resolved": "https://registry.npmjs.org/oghenemarho-palindrome/-/oghenemarho-palindrome-0.1.1.tgz",
      "integrity": "sha512-68GvVdO+rxVPb1nDwz4y2JFjFbhlRFwKbBd+bv7POmyaW7s2reIEbL06p/voDW/G7Ht/Y37u/wv+yO5c/DnTEA=="
    }
  }
}
